// !$*UTF8*$!
{
	archiveVersion = 1;
	classes = {
	};
	objectVersion = 56;
	objects = {

/* Begin PBXBuildFile section */
		1532627F28F741C80048277A /* FavoritesViewControllers.swift in Sources */ = {isa = PBXBuildFile; fileRef = 1532627E28F741C80048277A /* FavoritesViewControllers.swift */; };
		1532628228F741FE0048277A /* RatingViewControllers.swift in Sources */ = {isa = PBXBuildFile; fileRef = 1532628128F741FE0048277A /* RatingViewControllers.swift */; };
		1532628428F74ADD0048277A /* Extension+UIKIT.swift in Sources */ = {isa = PBXBuildFile; fileRef = 1532628328F74ADD0048277A /* Extension+UIKIT.swift */; };
		153DAFB528F603AA00C6555A /* AppDelegate.swift in Sources */ = {isa = PBXBuildFile; fileRef = 153DAFB428F603AA00C6555A /* AppDelegate.swift */; };
		153DAFB728F603AA00C6555A /* SceneDelegate.swift in Sources */ = {isa = PBXBuildFile; fileRef = 153DAFB628F603AA00C6555A /* SceneDelegate.swift */; };
		153DAFB928F603AA00C6555A /* ViewController.swift in Sources */ = {isa = PBXBuildFile; fileRef = 153DAFB828F603AA00C6555A /* ViewController.swift */; };
		153DAFBC28F603AA00C6555A /* Main.storyboard in Resources */ = {isa = PBXBuildFile; fileRef = 153DAFBA28F603AA00C6555A /* Main.storyboard */; };
		153DAFBE28F603AC00C6555A /* Assets.xcassets in Resources */ = {isa = PBXBuildFile; fileRef = 153DAFBD28F603AC00C6555A /* Assets.xcassets */; };
		153DAFC128F603AC00C6555A /* LaunchScreen.storyboard in Resources */ = {isa = PBXBuildFile; fileRef = 153DAFBF28F603AC00C6555A /* LaunchScreen.storyboard */; };
		153DAFCC28F603AC00C6555A /* RateYourFavoriteCountryTests.swift in Sources */ = {isa = PBXBuildFile; fileRef = 153DAFCB28F603AC00C6555A /* RateYourFavoriteCountryTests.swift */; };
		153DAFD628F603AC00C6555A /* RateYourFavoriteCountryUITests.swift in Sources */ = {isa = PBXBuildFile; fileRef = 153DAFD528F603AC00C6555A /* RateYourFavoriteCountryUITests.swift */; };
		153DAFD828F603AC00C6555A /* RateYourFavoriteCountryUITestsLaunchTests.swift in Sources */ = {isa = PBXBuildFile; fileRef = 153DAFD728F603AC00C6555A /* RateYourFavoriteCountryUITestsLaunchTests.swift */; };
		153DAFEA28F608E900C6555A /* TabBarController.swift in Sources */ = {isa = PBXBuildFile; fileRef = 153DAFE928F608E900C6555A /* TabBarController.swift */; };
		153DAFEC28F60A5500C6555A /* NavigationController.swift in Sources */ = {isa = PBXBuildFile; fileRef = 153DAFEB28F60A5500C6555A /* NavigationController.swift */; };
		1546E20928FABD8F00960BE8 /* FavoritesViewModel.swift in Sources */ = {isa = PBXBuildFile; fileRef = 1546E20828FABD8F00960BE8 /* FavoritesViewModel.swift */; };
		1546E21228FACA6A00960BE8 /* Model+IconManager.swift in Sources */ = {isa = PBXBuildFile; fileRef = 1546E21128FACA6A00960BE8 /* Model+IconManager.swift */; };
		15C8534028F898A0001D70FE /* Favorites.storyboard in Resources */ = {isa = PBXBuildFile; fileRef = 15C8533F28F898A0001D70FE /* Favorites.storyboard */; };
/* End PBXBuildFile section */

/* Begin PBXContainerItemProxy section */
		153DAFC828F603AC00C6555A /* PBXContainerItemProxy */ = {
			isa = PBXContainerItemProxy;
			containerPortal = 153DAFA928F603AA00C6555A /* Project object */;
			proxyType = 1;
			remoteGlobalIDString = 153DAFB028F603AA00C6555A;
			remoteInfo = RateYourFavoriteCountry;
		};
		153DAFD228F603AC00C6555A /* PBXContainerItemProxy */ = {
			isa = PBXContainerItemProxy;
			containerPortal = 153DAFA928F603AA00C6555A /* Project object */;
			proxyType = 1;
			remoteGlobalIDString = 153DAFB028F603AA00C6555A;
			remoteInfo = RateYourFavoriteCountry;
		};
/* End PBXContainerItemProxy section */

/* Begin PBXFileReference section */
		1532627E28F741C80048277A /* FavoritesViewControllers.swift */ = {isa = PBXFileReference; lastKnownFileType = sourcecode.swift; path = FavoritesViewControllers.swift; sourceTree = "<group>"; };
		1532628128F741FE0048277A /* RatingViewControllers.swift */ = {isa = PBXFileReference; lastKnownFileType = sourcecode.swift; path = RatingViewControllers.swift; sourceTree = "<group>"; };
		1532628328F74ADD0048277A /* Extension+UIKIT.swift */ = {isa = PBXFileReference; lastKnownFileType = sourcecode.swift; path = "Extension+UIKIT.swift"; sourceTree = "<group>"; };
		153DAFB128F603AA00C6555A /* RateYourFavoriteCountry.app */ = {isa = PBXFileReference; explicitFileType = wrapper.application; includeInIndex = 0; path = RateYourFavoriteCountry.app; sourceTree = BUILT_PRODUCTS_DIR; };
		153DAFB428F603AA00C6555A /* AppDelegate.swift */ = {isa = PBXFileReference; lastKnownFileType = sourcecode.swift; path = AppDelegate.swift; sourceTree = "<group>"; };
		153DAFB628F603AA00C6555A /* SceneDelegate.swift */ = {isa = PBXFileReference; lastKnownFileType = sourcecode.swift; path = SceneDelegate.swift; sourceTree = "<group>"; };
		153DAFB828F603AA00C6555A /* ViewController.swift */ = {isa = PBXFileReference; lastKnownFileType = sourcecode.swift; path = ViewController.swift; sourceTree = "<group>"; };
		153DAFBB28F603AA00C6555A /* Base */ = {isa = PBXFileReference; lastKnownFileType = file.storyboard; name = Base; path = Base.lproj/Main.storyboard; sourceTree = "<group>"; };
		153DAFBD28F603AC00C6555A /* Assets.xcassets */ = {isa = PBXFileReference; lastKnownFileType = folder.assetcatalog; path = Assets.xcassets; sourceTree = "<group>"; };
		153DAFC028F603AC00C6555A /* Base */ = {isa = PBXFileReference; lastKnownFileType = file.storyboard; name = Base; path = Base.lproj/LaunchScreen.storyboard; sourceTree = "<group>"; };
		153DAFC228F603AC00C6555A /* Info.plist */ = {isa = PBXFileReference; lastKnownFileType = text.plist.xml; path = Info.plist; sourceTree = "<group>"; };
		153DAFC728F603AC00C6555A /* RateYourFavoriteCountryTests.xctest */ = {isa = PBXFileReference; explicitFileType = wrapper.cfbundle; includeInIndex = 0; path = RateYourFavoriteCountryTests.xctest; sourceTree = BUILT_PRODUCTS_DIR; };
		153DAFCB28F603AC00C6555A /* RateYourFavoriteCountryTests.swift */ = {isa = PBXFileReference; lastKnownFileType = sourcecode.swift; path = RateYourFavoriteCountryTests.swift; sourceTree = "<group>"; };
		153DAFD128F603AC00C6555A /* RateYourFavoriteCountryUITests.xctest */ = {isa = PBXFileReference; explicitFileType = wrapper.cfbundle; includeInIndex = 0; path = RateYourFavoriteCountryUITests.xctest; sourceTree = BUILT_PRODUCTS_DIR; };
		153DAFD528F603AC00C6555A /* RateYourFavoriteCountryUITests.swift */ = {isa = PBXFileReference; lastKnownFileType = sourcecode.swift; path = RateYourFavoriteCountryUITests.swift; sourceTree = "<group>"; };
		153DAFD728F603AC00C6555A /* RateYourFavoriteCountryUITestsLaunchTests.swift */ = {isa = PBXFileReference; lastKnownFileType = sourcecode.swift; path = RateYourFavoriteCountryUITestsLaunchTests.swift; sourceTree = "<group>"; };
		153DAFE928F608E900C6555A /* TabBarController.swift */ = {isa = PBXFileReference; lastKnownFileType = sourcecode.swift; path = TabBarController.swift; sourceTree = "<group>"; };
		153DAFEB28F60A5500C6555A /* NavigationController.swift */ = {isa = PBXFileReference; lastKnownFileType = sourcecode.swift; path = NavigationController.swift; sourceTree = "<group>"; };
		1546E20828FABD8F00960BE8 /* FavoritesViewModel.swift */ = {isa = PBXFileReference; lastKnownFileType = sourcecode.swift; path = FavoritesViewModel.swift; sourceTree = "<group>"; };
		1546E21128FACA6A00960BE8 /* Model+IconManager.swift */ = {isa = PBXFileReference; lastKnownFileType = sourcecode.swift; path = "Model+IconManager.swift"; sourceTree = "<group>"; };
		15C8533F28F898A0001D70FE /* Favorites.storyboard */ = {isa = PBXFileReference; lastKnownFileType = file.storyboard; path = Favorites.storyboard; sourceTree = "<group>"; };
/* End PBXFileReference section */

/* Begin PBXFrameworksBuildPhase section */
		153DAFAE28F603AA00C6555A /* Frameworks */ = {
			isa = PBXFrameworksBuildPhase;
			buildActionMask = 2147483647;
			files = (
			);
			runOnlyForDeploymentPostprocessing = 0;
		};
		153DAFC428F603AC00C6555A /* Frameworks */ = {
			isa = PBXFrameworksBuildPhase;
			buildActionMask = 2147483647;
			files = (
			);
			runOnlyForDeploymentPostprocessing = 0;
		};
		153DAFCE28F603AC00C6555A /* Frameworks */ = {
			isa = PBXFrameworksBuildPhase;
			buildActionMask = 2147483647;
			files = (
			);
			runOnlyForDeploymentPostprocessing = 0;
		};
/* End PBXFrameworksBuildPhase section */

/* Begin PBXGroup section */
		1532627D28F741890048277A /* Favorite */ = {
			isa = PBXGroup;
			children = (
				1532627E28F741C80048277A /* FavoritesViewControllers.swift */,
				15C8533F28F898A0001D70FE /* Favorites.storyboard */,
				1546E20828FABD8F00960BE8 /* FavoritesViewModel.swift */,
			);
			path = Favorite;
			sourceTree = "<group>";
		};
		1532628028F741D50048277A /* Rating */ = {
			isa = PBXGroup;
			children = (
				1532628128F741FE0048277A /* RatingViewControllers.swift */,
			);
			path = Rating;
			sourceTree = "<group>";
		};
		153DAFA828F603AA00C6555A = {
			isa = PBXGroup;
			children = (
				153DAFB328F603AA00C6555A /* RateYourFavoriteCountry */,
				153DAFCA28F603AC00C6555A /* RateYourFavoriteCountryTests */,
				153DAFD428F603AC00C6555A /* RateYourFavoriteCountryUITests */,
				153DAFB228F603AA00C6555A /* Products */,
			);
			sourceTree = "<group>";
		};
		153DAFB228F603AA00C6555A /* Products */ = {
			isa = PBXGroup;
			children = (
				153DAFB128F603AA00C6555A /* RateYourFavoriteCountry.app */,
				153DAFC728F603AC00C6555A /* RateYourFavoriteCountryTests.xctest */,
				153DAFD128F603AC00C6555A /* RateYourFavoriteCountryUITests.xctest */,
			);
			name = Products;
			sourceTree = "<group>";
		};
		153DAFB328F603AA00C6555A /* RateYourFavoriteCountry */ = {
			isa = PBXGroup;
			children = (
				153DAFE528F6080500C6555A /* Backend */,
				153DAFE428F607DA00C6555A /* UI */,
				153DAFB428F603AA00C6555A /* AppDelegate.swift */,
				153DAFB628F603AA00C6555A /* SceneDelegate.swift */,
				153DAFB828F603AA00C6555A /* ViewController.swift */,
				153DAFBD28F603AC00C6555A /* Assets.xcassets */,
				153DAFBF28F603AC00C6555A /* LaunchScreen.storyboard */,
				153DAFC228F603AC00C6555A /* Info.plist */,
			);
			path = RateYourFavoriteCountry;
			sourceTree = "<group>";
		};
		153DAFCA28F603AC00C6555A /* RateYourFavoriteCountryTests */ = {
			isa = PBXGroup;
			children = (
				153DAFCB28F603AC00C6555A /* RateYourFavoriteCountryTests.swift */,
			);
			path = RateYourFavoriteCountryTests;
			sourceTree = "<group>";
		};
		153DAFD428F603AC00C6555A /* RateYourFavoriteCountryUITests */ = {
			isa = PBXGroup;
			children = (
				153DAFD528F603AC00C6555A /* RateYourFavoriteCountryUITests.swift */,
				153DAFD728F603AC00C6555A /* RateYourFavoriteCountryUITestsLaunchTests.swift */,
			);
			path = RateYourFavoriteCountryUITests;
			sourceTree = "<group>";
		};
		153DAFE428F607DA00C6555A /* UI */ = {
			isa = PBXGroup;
			children = (
				1546E20F28FACA2B00960BE8 /* Manager */,
				1532628028F741D50048277A /* Rating */,
				1532627D28F741890048277A /* Favorite */,
				153DAFE628F6081A00C6555A /* Main */,
				1532628328F74ADD0048277A /* Extension+UIKIT.swift */,
			);
			path = UI;
			sourceTree = "<group>";
		};
		153DAFE528F6080500C6555A /* Backend */ = {
			isa = PBXGroup;
			children = (
			);
			path = Backend;
			sourceTree = "<group>";
		};
		153DAFE628F6081A00C6555A /* Main */ = {
			isa = PBXGroup;
			children = (
				153DAFBA28F603AA00C6555A /* Main.storyboard */,
				153DAFE928F608E900C6555A /* TabBarController.swift */,
				153DAFEB28F60A5500C6555A /* NavigationController.swift */,
			);
			path = Main;
			sourceTree = "<group>";
		};
		1546E20F28FACA2B00960BE8 /* Manager */ = {
			isa = PBXGroup;
			children = (
				1546E21028FACA3400960BE8 /* IconManager */,
			);
			path = Manager;
			sourceTree = "<group>";
		};
		1546E21028FACA3400960BE8 /* IconManager */ = {
			isa = PBXGroup;
			children = (
				1546E21128FACA6A00960BE8 /* Model+IconManager.swift */,
			);
			path = IconManager;
			sourceTree = "<group>";
		};
/* End PBXGroup section */

/* Begin PBXNativeTarget section */
		153DAFB028F603AA00C6555A /* RateYourFavoriteCountry */ = {
			isa = PBXNativeTarget;
			buildConfigurationList = 153DAFDB28F603AC00C6555A /* Build configuration list for PBXNativeTarget "RateYourFavoriteCountry" */;
			buildPhases = (
				153DAFAD28F603AA00C6555A /* Sources */,
				153DAFAE28F603AA00C6555A /* Frameworks */,
				153DAFAF28F603AA00C6555A /* Resources */,
			);
			buildRules = (
			);
			dependencies = (
			);
			name = RateYourFavoriteCountry;
			productName = RateYourFavoriteCountry;
			productReference = 153DAFB128F603AA00C6555A /* RateYourFavoriteCountry.app */;
			productType = "com.apple.product-type.application";
		};
		153DAFC628F603AC00C6555A /* RateYourFavoriteCountryTests */ = {
			isa = PBXNativeTarget;
			buildConfigurationList = 153DAFDE28F603AC00C6555A /* Build configuration list for PBXNativeTarget "RateYourFavoriteCountryTests" */;
			buildPhases = (
				153DAFC328F603AC00C6555A /* Sources */,
				153DAFC428F603AC00C6555A /* Frameworks */,
				153DAFC528F603AC00C6555A /* Resources */,
			);
			buildRules = (
			);
			dependencies = (
				153DAFC928F603AC00C6555A /* PBXTargetDependency */,
			);
			name = RateYourFavoriteCountryTests;
			productName = RateYourFavoriteCountryTests;
			productReference = 153DAFC728F603AC00C6555A /* RateYourFavoriteCountryTests.xctest */;
			productType = "com.apple.product-type.bundle.unit-test";
		};
		153DAFD028F603AC00C6555A /* RateYourFavoriteCountryUITests */ = {
			isa = PBXNativeTarget;
			buildConfigurationList = 153DAFE128F603AC00C6555A /* Build configuration list for PBXNativeTarget "RateYourFavoriteCountryUITests" */;
			buildPhases = (
				153DAFCD28F603AC00C6555A /* Sources */,
				153DAFCE28F603AC00C6555A /* Frameworks */,
				153DAFCF28F603AC00C6555A /* Resources */,
			);
			buildRules = (
			);
			dependencies = (
				153DAFD328F603AC00C6555A /* PBXTargetDependency */,
			);
			name = RateYourFavoriteCountryUITests;
			productName = RateYourFavoriteCountryUITests;
			productReference = 153DAFD128F603AC00C6555A /* RateYourFavoriteCountryUITests.xctest */;
			productType = "com.apple.product-type.bundle.ui-testing";
		};
/* End PBXNativeTarget section */

/* Begin PBXProject section */
		153DAFA928F603AA00C6555A /* Project object */ = {
			isa = PBXProject;
			attributes = {
				BuildIndependentTargetsInParallel = 1;
				LastSwiftUpdateCheck = 1400;
				LastUpgradeCheck = 1400;
				TargetAttributes = {
					153DAFB028F603AA00C6555A = {
						CreatedOnToolsVersion = 14.0.1;
					};
					153DAFC628F603AC00C6555A = {
						CreatedOnToolsVersion = 14.0.1;
						TestTargetID = 153DAFB028F603AA00C6555A;
					};
					153DAFD028F603AC00C6555A = {
						CreatedOnToolsVersion = 14.0.1;
						TestTargetID = 153DAFB028F603AA00C6555A;
					};
				};
			};
			buildConfigurationList = 153DAFAC28F603AA00C6555A /* Build configuration list for PBXProject "RateYourFavoriteCountry" */;
			compatibilityVersion = "Xcode 14.0";
			developmentRegion = en;
			hasScannedForEncodings = 0;
			knownRegions = (
				en,
				Base,
			);
			mainGroup = 153DAFA828F603AA00C6555A;
			productRefGroup = 153DAFB228F603AA00C6555A /* Products */;
			projectDirPath = "";
			projectRoot = "";
			targets = (
				153DAFB028F603AA00C6555A /* RateYourFavoriteCountry */,
				153DAFC628F603AC00C6555A /* RateYourFavoriteCountryTests */,
				153DAFD028F603AC00C6555A /* RateYourFavoriteCountryUITests */,
			);
		};
/* End PBXProject section */

/* Begin PBXResourcesBuildPhase section */
		153DAFAF28F603AA00C6555A /* Resources */ = {
			isa = PBXResourcesBuildPhase;
			buildActionMask = 2147483647;
			files = (
				153DAFC128F603AC00C6555A /* LaunchScreen.storyboard in Resources */,
				153DAFBE28F603AC00C6555A /* Assets.xcassets in Resources */,
				15C8534028F898A0001D70FE /* Favorites.storyboard in Resources */,
				153DAFBC28F603AA00C6555A /* Main.storyboard in Resources */,
			);
			runOnlyForDeploymentPostprocessing = 0;
		};
		153DAFC528F603AC00C6555A /* Resources */ = {
			isa = PBXResourcesBuildPhase;
			buildActionMask = 2147483647;
			files = (
			);
			runOnlyForDeploymentPostprocessing = 0;
		};
		153DAFCF28F603AC00C6555A /* Resources */ = {
			isa = PBXResourcesBuildPhase;
			buildActionMask = 2147483647;
			files = (
			);
			runOnlyForDeploymentPostprocessing = 0;
		};
/* End PBXResourcesBuildPhase section */

/* Begin PBXSourcesBuildPhase section */
		153DAFAD28F603AA00C6555A /* Sources */ = {
			isa = PBXSourcesBuildPhase;
			buildActionMask = 2147483647;
			files = (
				153DAFB928F603AA00C6555A /* ViewController.swift in Sources */,
				153DAFEA28F608E900C6555A /* TabBarController.swift in Sources */,
				1546E21228FACA6A00960BE8 /* Model+IconManager.swift in Sources */,
				153DAFEC28F60A5500C6555A /* NavigationController.swift in Sources */,
				1546E20928FABD8F00960BE8 /* FavoritesViewModel.swift in Sources */,
				153DAFB528F603AA00C6555A /* AppDelegate.swift in Sources */,
				1532628228F741FE0048277A /* RatingViewControllers.swift in Sources */,
				1532627F28F741C80048277A /* FavoritesViewControllers.swift in Sources */,
				1532628428F74ADD0048277A /* Extension+UIKIT.swift in Sources */,
				153DAFB728F603AA00C6555A /* SceneDelegate.swift in Sources */,
			);
			runOnlyForDeploymentPostprocessing = 0;
		};
		153DAFC328F603AC00C6555A /* Sources */ = {
			isa = PBXSourcesBuildPhase;
			buildActionMask = 2147483647;
			files = (
				153DAFCC28F603AC00C6555A /* RateYourFavoriteCountryTests.swift in Sources */,
			);
			runOnlyForDeploymentPostprocessing = 0;
		};
		153DAFCD28F603AC00C6555A /* Sources */ = {
			isa = PBXSourcesBuildPhase;
			buildActionMask = 2147483647;
			files = (
				153DAFD828F603AC00C6555A /* RateYourFavoriteCountryUITestsLaunchTests.swift in Sources */,
				153DAFD628F603AC00C6555A /* RateYourFavoriteCountryUITests.swift in Sources */,
			);
			runOnlyForDeploymentPostprocessing = 0;
		};
/* End PBXSourcesBuildPhase section */

/* Begin PBXTargetDependency section */
		153DAFC928F603AC00C6555A /* PBXTargetDependency */ = {
			isa = PBXTargetDependency;
			target = 153DAFB028F603AA00C6555A /* RateYourFavoriteCountry */;
			targetProxy = 153DAFC828F603AC00C6555A /* PBXContainerItemProxy */;
		};
		153DAFD328F603AC00C6555A /* PBXTargetDependency */ = {
			isa = PBXTargetDependency;
			target = 153DAFB028F603AA00C6555A /* RateYourFavoriteCountry */;
			targetProxy = 153DAFD228F603AC00C6555A /* PBXContainerItemProxy */;
		};
/* End PBXTargetDependency section */

/* Begin PBXVariantGroup section */
		153DAFBA28F603AA00C6555A /* Main.storyboard */ = {
			isa = PBXVariantGroup;
			children = (
				153DAFBB28F603AA00C6555A /* Base */,
			);
			name = Main.storyboard;
			sourceTree = "<group>";
		};
		153DAFBF28F603AC00C6555A /* LaunchScreen.storyboard */ = {
			isa = PBXVariantGroup;
			children = (
				153DAFC028F603AC00C6555A /* Base */,
			);
			name = LaunchScreen.storyboard;
			sourceTree = "<group>";
		};
/* End PBXVariantGroup section */

/* Begin XCBuildConfiguration section */
		153DAFD928F603AC00C6555A /* Debug */ = {
			isa = XCBuildConfiguration;
			buildSettings = {
				ALWAYS_SEARCH_USER_PATHS = NO;
				CLANG_ANALYZER_NONNULL = YES;
				CLANG_ANALYZER_NUMBER_OBJECT_CONVERSION = YES_AGGRESSIVE;
				CLANG_CXX_LANGUAGE_STANDARD = "gnu++20";
				CLANG_ENABLE_MODULES = YES;
				CLANG_ENABLE_OBJC_ARC = YES;
				CLANG_ENABLE_OBJC_WEAK = YES;
				CLANG_WARN_BLOCK_CAPTURE_AUTORELEASING = YES;
				CLANG_WARN_BOOL_CONVERSION = YES;
				CLANG_WARN_COMMA = YES;
				CLANG_WARN_CONSTANT_CONVERSION = YES;
				CLANG_WARN_DEPRECATED_OBJC_IMPLEMENTATIONS = YES;
				CLANG_WARN_DIRECT_OBJC_ISA_USAGE = YES_ERROR;
				CLANG_WARN_DOCUMENTATION_COMMENTS = YES;
				CLANG_WARN_EMPTY_BODY = YES;
				CLANG_WARN_ENUM_CONVERSION = YES;
				CLANG_WARN_INFINITE_RECURSION = YES;
				CLANG_WARN_INT_CONVERSION = YES;
				CLANG_WARN_NON_LITERAL_NULL_CONVERSION = YES;
				CLANG_WARN_OBJC_IMPLICIT_RETAIN_SELF = YES;
				CLANG_WARN_OBJC_LITERAL_CONVERSION = YES;
				CLANG_WARN_OBJC_ROOT_CLASS = YES_ERROR;
				CLANG_WARN_QUOTED_INCLUDE_IN_FRAMEWORK_HEADER = YES;
				CLANG_WARN_RANGE_LOOP_ANALYSIS = YES;
				CLANG_WARN_STRICT_PROTOTYPES = YES;
				CLANG_WARN_SUSPICIOUS_MOVE = YES;
				CLANG_WARN_UNGUARDED_AVAILABILITY = YES_AGGRESSIVE;
				CLANG_WARN_UNREACHABLE_CODE = YES;
				CLANG_WARN__DUPLICATE_METHOD_MATCH = YES;
				COPY_PHASE_STRIP = NO;
				DEBUG_INFORMATION_FORMAT = dwarf;
				ENABLE_STRICT_OBJC_MSGSEND = YES;
				ENABLE_TESTABILITY = YES;
				GCC_C_LANGUAGE_STANDARD = gnu11;
				GCC_DYNAMIC_NO_PIC = NO;
				GCC_NO_COMMON_BLOCKS = YES;
				GCC_OPTIMIZATION_LEVEL = 0;
				GCC_PREPROCESSOR_DEFINITIONS = (
					"DEBUG=1",
					"$(inherited)",
				);
				GCC_WARN_64_TO_32_BIT_CONVERSION = YES;
				GCC_WARN_ABOUT_RETURN_TYPE = YES_ERROR;
				GCC_WARN_UNDECLARED_SELECTOR = YES;
				GCC_WARN_UNINITIALIZED_AUTOS = YES_AGGRESSIVE;
				GCC_WARN_UNUSED_FUNCTION = YES;
				GCC_WARN_UNUSED_VARIABLE = YES;
				IPHONEOS_DEPLOYMENT_TARGET = 16.0;
				MTL_ENABLE_DEBUG_INFO = INCLUDE_SOURCE;
				MTL_FAST_MATH = YES;
				ONLY_ACTIVE_ARCH = YES;
				SDKROOT = iphoneos;
				SWIFT_ACTIVE_COMPILATION_CONDITIONS = DEBUG;
				SWIFT_OPTIMIZATION_LEVEL = "-Onone";
			};
			name = Debug;
		};
		153DAFDA28F603AC00C6555A /* Release */ = {
			isa = XCBuildConfiguration;
			buildSettings = {
				ALWAYS_SEARCH_USER_PATHS = NO;
				CLANG_ANALYZER_NONNULL = YES;
				CLANG_ANALYZER_NUMBER_OBJECT_CONVERSION = YES_AGGRESSIVE;
				CLANG_CXX_LANGUAGE_STANDARD = "gnu++20";
				CLANG_ENABLE_MODULES = YES;
				CLANG_ENABLE_OBJC_ARC = YES;
				CLANG_ENABLE_OBJC_WEAK = YES;
				CLANG_WARN_BLOCK_CAPTURE_AUTORELEASING = YES;
				CLANG_WARN_BOOL_CONVERSION = YES;
				CLANG_WARN_COMMA = YES;
				CLANG_WARN_CONSTANT_CONVERSION = YES;
				CLANG_WARN_DEPRECATED_OBJC_IMPLEMENTATIONS = YES;
				CLANG_WARN_DIRECT_OBJC_ISA_USAGE = YES_ERROR;
				CLANG_WARN_DOCUMENTATION_COMMENTS = YES;
				CLANG_WARN_EMPTY_BODY = YES;
				CLANG_WARN_ENUM_CONVERSION = YES;
				CLANG_WARN_INFINITE_RECURSION = YES;
				CLANG_WARN_INT_CONVERSION = YES;
				CLANG_WARN_NON_LITERAL_NULL_CONVERSION = YES;
				CLANG_WARN_OBJC_IMPLICIT_RETAIN_SELF = YES;
				CLANG_WARN_OBJC_LITERAL_CONVERSION = YES;
				CLANG_WARN_OBJC_ROOT_CLASS = YES_ERROR;
				CLANG_WARN_QUOTED_INCLUDE_IN_FRAMEWORK_HEADER = YES;
				CLANG_WARN_RANGE_LOOP_ANALYSIS = YES;
				CLANG_WARN_STRICT_PROTOTYPES = YES;
				CLANG_WARN_SUSPICIOUS_MOVE = YES;
				CLANG_WARN_UNGUARDED_AVAILABILITY = YES_AGGRESSIVE;
				CLANG_WARN_UNREACHABLE_CODE = YES;
				CLANG_WARN__DUPLICATE_METHOD_MATCH = YES;
				COPY_PHASE_STRIP = NO;
				DEBUG_INFORMATION_FORMAT = "dwarf-with-dsym";
				ENABLE_NS_ASSERTIONS = NO;
				ENABLE_STRICT_OBJC_MSGSEND = YES;
				GCC_C_LANGUAGE_STANDARD = gnu11;
				GCC_NO_COMMON_BLOCKS = YES;
				GCC_WARN_64_TO_32_BIT_CONVERSION = YES;
				GCC_WARN_ABOUT_RETURN_TYPE = YES_ERROR;
				GCC_WARN_UNDECLARED_SELECTOR = YES;
				GCC_WARN_UNINITIALIZED_AUTOS = YES_AGGRESSIVE;
				GCC_WARN_UNUSED_FUNCTION = YES;
				GCC_WARN_UNUSED_VARIABLE = YES;
				IPHONEOS_DEPLOYMENT_TARGET = 16.0;
				MTL_ENABLE_DEBUG_INFO = NO;
				MTL_FAST_MATH = YES;
				SDKROOT = iphoneos;
				SWIFT_COMPILATION_MODE = wholemodule;
				SWIFT_OPTIMIZATION_LEVEL = "-O";
				VALIDATE_PRODUCT = YES;
			};
			name = Release;
		};
		153DAFDC28F603AC00C6555A /* Debug */ = {
			isa = XCBuildConfiguration;
			buildSettings = {
				ASSETCATALOG_COMPILER_APPICON_NAME = AppIcon;
				ASSETCATALOG_COMPILER_GLOBAL_ACCENT_COLOR_NAME = AccentColor;
				CODE_SIGN_STYLE = Automatic;
				CURRENT_PROJECT_VERSION = 1;
				GENERATE_INFOPLIST_FILE = YES;
				INFOPLIST_FILE = RateYourFavoriteCountry/Info.plist;
				INFOPLIST_KEY_UIApplicationSupportsIndirectInputEvents = YES;
				INFOPLIST_KEY_UILaunchStoryboardName = LaunchScreen;
				INFOPLIST_KEY_UIMainStoryboardFile = Main;
				INFOPLIST_KEY_UISupportedInterfaceOrientations_iPad = "UIInterfaceOrientationPortrait UIInterfaceOrientationPortraitUpsideDown UIInterfaceOrientationLandscapeLeft UIInterfaceOrientationLandscapeRight";
				INFOPLIST_KEY_UISupportedInterfaceOrientations_iPhone = "UIInterfaceOrientationPortrait UIInterfaceOrientationLandscapeLeft UIInterfaceOrientationLandscapeRight";
				LD_RUNPATH_SEARCH_PATHS = (
					"$(inherited)",
					"@executable_path/Frameworks",
				);
				MARKETING_VERSION = 1.0;
				PRODUCT_BUNDLE_IDENTIFIER = com.zaman.RateYourFavoriteCountry;
				PRODUCT_NAME = "$(TARGET_NAME)";
				SWIFT_EMIT_LOC_STRINGS = YES;
				SWIFT_VERSION = 5.0;
				TARGETED_DEVICE_FAMILY = "1,2";
			};
			name = Debug;
		};
		153DAFDD28F603AC00C6555A /* Release */ = {
			isa = XCBuildConfiguration;
			buildSettings = {
				ASSETCATALOG_COMPILER_APPICON_NAME = AppIcon;
				ASSETCATALOG_COMPILER_GLOBAL_ACCENT_COLOR_NAME = AccentColor;
				CODE_SIGN_STYLE = Automatic;
				CURRENT_PROJECT_VERSION = 1;
				GENERATE_INFOPLIST_FILE = YES;
				INFOPLIST_FILE = RateYourFavoriteCountry/Info.plist;
				INFOPLIST_KEY_UIApplicationSupportsIndirectInputEvents = YES;
				INFOPLIST_KEY_UILaunchStoryboardName = LaunchScreen;
				INFOPLIST_KEY_UIMainStoryboardFile = Main;
				INFOPLIST_KEY_UISupportedInterfaceOrientations_iPad = "UIInterfaceOrientationPortrait UIInterfaceOrientationPortraitUpsideDown UIInterfaceOrientationLandscapeLeft UIInterfaceOrientationLandscapeRight";
				INFOPLIST_KEY_UISupportedInterfaceOrientations_iPhone = "UIInterfaceOrientationPortrait UIInterfaceOrientationLandscapeLeft UIInterfaceOrientationLandscapeRight";
				LD_RUNPATH_SEARCH_PATHS = (
					"$(inherited)",
					"@executable_path/Frameworks",
				);
				MARKETING_VERSION = 1.0;
				PRODUCT_BUNDLE_IDENTIFIER = com.zaman.RateYourFavoriteCountry;
				PRODUCT_NAME = "$(TARGET_NAME)";
				SWIFT_EMIT_LOC_STRINGS = YES;
				SWIFT_VERSION = 5.0;
				TARGETED_DEVICE_FAMILY = "1,2";
			};
			name = Release;
		};
		153DAFDF28F603AC00C6555A /* Debug */ = {
			isa = XCBuildConfiguration;
			buildSettings = {
				ALWAYS_EMBED_SWIFT_STANDARD_LIBRARIES = YES;
				BUNDLE_LOADER = "$(TEST_HOST)";
				CODE_SIGN_STYLE = Automatic;
				CURRENT_PROJECT_VERSION = 1;
				GENERATE_INFOPLIST_FILE = YES;
				IPHONEOS_DEPLOYMENT_TARGET = 16.0;
				MARKETING_VERSION = 1.0;
				PRODUCT_BUNDLE_IDENTIFIER = com.zaman.RateYourFavoriteCountryTests;
				PRODUCT_NAME = "$(TARGET_NAME)";
				SWIFT_EMIT_LOC_STRINGS = NO;
				SWIFT_VERSION = 5.0;
				TARGETED_DEVICE_FAMILY = "1,2";
				TEST_HOST = "$(BUILT_PRODUCTS_DIR)/RateYourFavoriteCountry.app/$(BUNDLE_EXECUTABLE_FOLDER_PATH)/RateYourFavoriteCountry";
			};
			name = Debug;
		};
		153DAFE028F603AC00C6555A /* Release */ = {
			isa = XCBuildConfiguration;
			buildSettings = {
				ALWAYS_EMBED_SWIFT_STANDARD_LIBRARIES = YES;
				BUNDLE_LOADER = "$(TEST_HOST)";
				CODE_SIGN_STYLE = Automatic;
				CURRENT_PROJECT_VERSION = 1;
				GENERATE_INFOPLIST_FILE = YES;
				IPHONEOS_DEPLOYMENT_TARGET = 16.0;
				MARKETING_VERSION = 1.0;
				PRODUCT_BUNDLE_IDENTIFIER = com.zaman.RateYourFavoriteCountryTests;
				PRODUCT_NAME = "$(TARGET_NAME)";
				SWIFT_EMIT_LOC_STRINGS = NO;
				SWIFT_VERSION = 5.0;
				TARGETED_DEVICE_FAMILY = "1,2";
				TEST_HOST = "$(BUILT_PRODUCTS_DIR)/RateYourFavoriteCountry.app/$(BUNDLE_EXECUTABLE_FOLDER_PATH)/RateYourFavoriteCountry";
			};
			name = Release;
		};
		153DAFE228F603AC00C6555A /* Debug */ = {
			isa = XCBuildConfiguration;
			buildSettings = {
				ALWAYS_EMBED_SWIFT_STANDARD_LIBRARIES = YES;
				CODE_SIGN_STYLE = Automatic;
				CURRENT_PROJECT_VERSION = 1;
				GENERATE_INFOPLIST_FILE = YES;
				MARKETING_VERSION = 1.0;
				PRODUCT_BUNDLE_IDENTIFIER = com.zaman.RateYourFavoriteCountryUITests;
				PRODUCT_NAME = "$(TARGET_NAME)";
				SWIFT_EMIT_LOC_STRINGS = NO;
				SWIFT_VERSION = 5.0;
				TARGETED_DEVICE_FAMILY = "1,2";
				TEST_TARGET_NAME = RateYourFavoriteCountry;
			};
			name = Debug;
		};
		153DAFE328F603AC00C6555A /* Release */ = {
			isa = XCBuildConfiguration;
			buildSettings = {
				ALWAYS_EMBED_SWIFT_STANDARD_LIBRARIES = YES;
				CODE_SIGN_STYLE = Automatic;
				CURRENT_PROJECT_VERSION = 1;
				GENERATE_INFOPLIST_FILE = YES;
				MARKETING_VERSION = 1.0;
				PRODUCT_BUNDLE_IDENTIFIER = com.zaman.RateYourFavoriteCountryUITests;
				PRODUCT_NAME = "$(TARGET_NAME)";
				SWIFT_EMIT_LOC_STRINGS = NO;
				SWIFT_VERSION = 5.0;
				TARGETED_DEVICE_FAMILY = "1,2";
				TEST_TARGET_NAME = RateYourFavoriteCountry;
			};
			name = Release;
		};
/* End XCBuildConfiguration section */

/* Begin XCConfigurationList section */
		153DAFAC28F603AA00C6555A /* Build configuration list for PBXProject "RateYourFavoriteCountry" */ = {
			isa = XCConfigurationList;
			buildConfigurations = (
				153DAFD928F603AC00C6555A /* Debug */,
				153DAFDA28F603AC00C6555A /* Release */,
			);
			defaultConfigurationIsVisible = 0;
			defaultConfigurationName = Release;
		};
		153DAFDB28F603AC00C6555A /* Build configuration list for PBXNativeTarget "RateYourFavoriteCountry" */ = {
			isa = XCConfigurationList;
			buildConfigurations = (
				153DAFDC28F603AC00C6555A /* Debug */,
				153DAFDD28F603AC00C6555A /* Release */,
			);
			defaultConfigurationIsVisible = 0;
			defaultConfigurationName = Release;
		};
		153DAFDE28F603AC00C6555A /* Build configuration list for PBXNativeTarget "RateYourFavoriteCountryTests" */ = {
			isa = XCConfigurationList;
			buildConfigurations = (
				153DAFDF28F603AC00C6555A /* Debug */,
				153DAFE028F603AC00C6555A /* Release */,
			);
			defaultConfigurationIsVisible = 0;
			defaultConfigurationName = Release;
		};
		153DAFE128F603AC00C6555A /* Build configuration list for PBXNativeTarget "RateYourFavoriteCountryUITests" */ = {
			isa = XCConfigurationList;
			buildConfigurations = (
				153DAFE228F603AC00C6555A /* Debug */,
				153DAFE328F603AC00C6555A /* Release */,
			);
			defaultConfigurationIsVisible = 0;
			defaultConfigurationName = Release;
		};
/* End XCConfigurationList section */
	};
	rootObject = 153DAFA928F603AA00C6555A /* Project object */;
}
